
Microsoft Visual Studio Solution File, Format Version 12.00
# Visual Studio Version 16
VisualStudioVersion = 16.0.28803.156
MinimumVisualStudioVersion = 10.0.40219.1
Project("{8BC9CEB8-8B4A-11D0-8D11-00A0C91BC942}") = "AutoIrrigation", "Arduino\AutoIrrigation\AutoIrrigation.vcxproj", "{C5F80730-F44F-4478-BDAE-6634EFC2CA88}"
EndProject
Project("{8BC9CEB8-8B4A-11D0-8D11-00A0C91BC942}") = "co_monitor", "..\AirQuality\Arduino\co_monitor\co_monitor.vcxproj", "{51B0E9DF-658C-4C10-BE3E-53AAAA141126}"
EndProject
Project("{8BC9CEB8-8B4A-11D0-8D11-00A0C91BC942}") = "TestStruct", "..\..\src\Arduino\TestStructJson\TestStruct\TestStruct.vcxproj", "{86139963-8C05-438E-847D-A5935C6C772F}"
EndProject
Project("{8BC9CEB8-8B4A-11D0-8D11-00A0C91BC942}") = "TestSerialCom", "..\..\src\Arduino\TestSerialCom\TestSerialCom\TestSerialCom.vcxproj", "{FAAD40AD-2583-4B20-9A3C-5E51538E19CF}"
EndProject
Project("{8BC9CEB8-8B4A-11D0-8D11-00A0C91BC942}") = "OTALib", "..\..\src\Arduino\libraries\OTALib\OTALib.vcxitems", "{75E278E0-3391-4940-ABC9-8513E1912D3B}"
EndProject
Project("{8BC9CEB8-8B4A-11D0-8D11-00A0C91BC942}") = "quicktest", "quicktest\quicktest.vcxproj", "{D943D1FF-CE8B-4260-B73B-E3BBC02D2098}"
EndProject
Project("{8BC9CEB8-8B4A-11D0-8D11-00A0C91BC942}") = "FirebaseLib", "..\..\src\Arduino\libraries\FirebaseLib\FirebaseLib.vcxitems", "{4815F3B6-1B96-4543-9DC7-0531506B7361}"
EndProject
Project("{8BC9CEB8-8B4A-11D0-8D11-00A0C91BC942}") = "TestDistanceSensor", "TestDistanceSensor\TestDistanceSensor.vcxproj", "{D3BB1E1F-AD9E-4792-8BA4-9D101F77B12B}"
EndProject
Global
	GlobalSection(SolutionConfigurationPlatforms) = preSolution
		Debug|x64 = Debug|x64
		Debug|x86 = Debug|x86
		Release|x64 = Release|x64
		Release|x86 = Release|x86
	EndGlobalSection
	GlobalSection(ProjectConfigurationPlatforms) = postSolution
		{C5F80730-F44F-4478-BDAE-6634EFC2CA88}.Debug|x64.ActiveCfg = Debug|Win32
		{C5F80730-F44F-4478-BDAE-6634EFC2CA88}.Debug|x86.ActiveCfg = Debug|Win32
		{C5F80730-F44F-4478-BDAE-6634EFC2CA88}.Debug|x86.Build.0 = Debug|Win32
		{C5F80730-F44F-4478-BDAE-6634EFC2CA88}.Release|x64.ActiveCfg = Release|Win32
		{C5F80730-F44F-4478-BDAE-6634EFC2CA88}.Release|x86.ActiveCfg = Release|Win32
		{C5F80730-F44F-4478-BDAE-6634EFC2CA88}.Release|x86.Build.0 = Release|Win32
		{51B0E9DF-658C-4C10-BE3E-53AAAA141126}.Debug|x64.ActiveCfg = Debug|Win32
		{51B0E9DF-658C-4C10-BE3E-53AAAA141126}.Debug|x86.ActiveCfg = Debug|Win32
		{51B0E9DF-658C-4C10-BE3E-53AAAA141126}.Debug|x86.Build.0 = Debug|Win32
		{51B0E9DF-658C-4C10-BE3E-53AAAA141126}.Release|x64.ActiveCfg = Release|Win32
		{51B0E9DF-658C-4C10-BE3E-53AAAA141126}.Release|x86.ActiveCfg = Release|Win32
		{51B0E9DF-658C-4C10-BE3E-53AAAA141126}.Release|x86.Build.0 = Release|Win32
		{86139963-8C05-438E-847D-A5935C6C772F}.Debug|x64.ActiveCfg = Debug|Win32
		{86139963-8C05-438E-847D-A5935C6C772F}.Debug|x86.ActiveCfg = Debug|Win32
		{86139963-8C05-438E-847D-A5935C6C772F}.Debug|x86.Build.0 = Debug|Win32
		{86139963-8C05-438E-847D-A5935C6C772F}.Release|x64.ActiveCfg = Release|Win32
		{86139963-8C05-438E-847D-A5935C6C772F}.Release|x86.ActiveCfg = Release|Win32
		{86139963-8C05-438E-847D-A5935C6C772F}.Release|x86.Build.0 = Release|Win32
		{FAAD40AD-2583-4B20-9A3C-5E51538E19CF}.Debug|x64.ActiveCfg = Debug|Win32
		{FAAD40AD-2583-4B20-9A3C-5E51538E19CF}.Debug|x86.ActiveCfg = Debug|Win32
		{FAAD40AD-2583-4B20-9A3C-5E51538E19CF}.Debug|x86.Build.0 = Debug|Win32
		{FAAD40AD-2583-4B20-9A3C-5E51538E19CF}.Release|x64.ActiveCfg = Release|Win32
		{FAAD40AD-2583-4B20-9A3C-5E51538E19CF}.Release|x86.ActiveCfg = Release|Win32
		{FAAD40AD-2583-4B20-9A3C-5E51538E19CF}.Release|x86.Build.0 = Release|Win32
		{D943D1FF-CE8B-4260-B73B-E3BBC02D2098}.Debug|x64.ActiveCfg = Debug|Win32
		{D943D1FF-CE8B-4260-B73B-E3BBC02D2098}.Debug|x86.ActiveCfg = Debug|Win32
		{D943D1FF-CE8B-4260-B73B-E3BBC02D2098}.Debug|x86.Build.0 = Debug|Win32
		{D943D1FF-CE8B-4260-B73B-E3BBC02D2098}.Release|x64.ActiveCfg = Release|Win32
		{D943D1FF-CE8B-4260-B73B-E3BBC02D2098}.Release|x86.ActiveCfg = Release|Win32
		{D3BB1E1F-AD9E-4792-8BA4-9D101F77B12B}.Debug|x64.ActiveCfg = Debug|Win32
		{D3BB1E1F-AD9E-4792-8BA4-9D101F77B12B}.Debug|x86.ActiveCfg = Debug|Win32
		{D3BB1E1F-AD9E-4792-8BA4-9D101F77B12B}.Debug|x86.Build.0 = Debug|Win32
		{D3BB1E1F-AD9E-4792-8BA4-9D101F77B12B}.Release|x64.ActiveCfg = Release|Win32
		{D3BB1E1F-AD9E-4792-8BA4-9D101F77B12B}.Release|x86.ActiveCfg = Release|Win32
		{D3BB1E1F-AD9E-4792-8BA4-9D101F77B12B}.Release|x86.Build.0 = Release|Win32
	EndGlobalSection
	GlobalSection(SolutionProperties) = preSolution
		HideSolutionNode = FALSE
	EndGlobalSection
	GlobalSection(ExtensibilityGlobals) = postSolution
		SolutionGuid = {4DF38613-C93A-48C3-98DD-29F2204DB539}
	EndGlobalSection
EndGlobal
